{
  "name": "arpt",
  "version": "1.2.6",
  "lockfileVersion": 1,
  "requires": true,
  "dependencies": {
    "aliyun-oss-sign": {
      "version": "0.0.2",
      "resolved": "http://registry.npm.taobao.org/aliyun-oss-sign/download/aliyun-oss-sign-0.0.2.tgz",
      "integrity": "sha1-qzcjkoaZvJSitEVzdapbNxK92d8="
    },
    "aliyun-sdk": {
      "version": "1.10.19",
      "resolved": "http://registry.npm.taobao.org/aliyun-sdk/download/aliyun-sdk-1.10.19.tgz",
      "integrity": "sha1-+9mjVbZ5SBm0yPrl0LRKCaQGR58=",
      "dependencies": {
        "xml2js": {
          "version": "0.4.4",
          "resolved": "http://registry.npm.taobao.org/xml2js/download/xml2js-0.4.4.tgz",
          "integrity": "sha1-MREBAAMAiuGSQOuhdJe1fHKcVV0="
        }
      }
    },
    "bcryptjs": {
      "version": "2.4.3",
      "resolved": "http://registry.npm.taobao.org/bcryptjs/download/bcryptjs-2.4.3.tgz",
      "integrity": "sha1-mrVie5PmBiH/fNrF2pczAn3x0Ms="
    },
    "bluebird": {
      "version": "3.5.1",
      "resolved": "http://registry.npm.taobao.org/bluebird/download/bluebird-3.5.1.tgz",
      "integrity": "sha1-2VUfnemPH82h5oPRfukaBgLuLrk="
    },
    "co": {
      "version": "4.6.0",
      "resolved": "http://registry.npm.taobao.org/co/download/co-4.6.0.tgz",
      "integrity": "sha1-bqa989hTrlTMuOR7+gvz+QMfsYQ="
    },
    "crypto": {
      "version": "0.0.3",
      "resolved": "http://registry.npm.taobao.org/crypto/download/crypto-0.0.3.tgz",
      "integrity": "sha1-RwqBuGvkxe4XrMggeh9TFa4g27A="
    },
    "gm": {
      "version": "1.23.0",
      "resolved": "http://registry.npm.taobao.org/gm/download/gm-1.23.0.tgz",
      "integrity": "sha1-gKL+nL8TFRUCSEZERlhGEmn1JmE=",
      "dependencies": {
        "debug": {
          "version": "2.2.0",
          "resolved": "http://registry.npm.taobao.org/debug/download/debug-2.2.0.tgz",
          "integrity": "sha1-+HBX6ZWxofauaklgZkE3vFbwOdo="
        },
        "ms": {
          "version": "0.7.1",
          "resolved": "http://registry.npm.taobao.org/ms/download/ms-0.7.1.tgz",
          "integrity": "sha1-nNE8A62/8ltl7/3nzoZO6VIBcJg="
        }
      }
    },
    "jsonfile": {
      "version": "2.4.0",
      "resolved": "http://registry.npm.taobao.org/jsonfile/download/jsonfile-2.4.0.tgz",
      "integrity": "sha1-NzaitCi4e72gzIO1P6PWM6NcKug="
    },
    "koa": {
      "version": "1.2.5",
      "resolved": "http://registry.npm.taobao.org/koa/download/koa-1.2.5.tgz",
      "integrity": "sha1-Kxv1ncHy/de3Vuik8RpV61fbagk="
    },
    "koa-body": {
      "version": "1.6.0",
      "resolved": "http://registry.npm.taobao.org/koa-body/download/koa-body-1.6.0.tgz",
      "integrity": "sha1-LkTXye4bVeKplcMhRcuHTk2+Ka4="
    },
    "koa-bodyparser": {
      "version": "2.5.0",
      "resolved": "http://registry.npm.taobao.org/koa-bodyparser/download/koa-bodyparser-2.5.0.tgz",
      "integrity": "sha1-PrckP0eZii53LbBfbcTg9PPMvfA="
    },
    "koa-compress": {
      "version": "1.0.9",
      "resolved": "http://registry.npm.taobao.org/koa-compress/download/koa-compress-1.0.9.tgz",
      "integrity": "sha1-pgMDa+2rG5kH6nfMp9aUZzhS4/U=",
      "dependencies": {
        "bytes": {
          "version": "2.5.0",
          "resolved": "http://registry.npm.taobao.org/bytes/download/bytes-2.5.0.tgz",
          "integrity": "sha1-TJQj6i0lLCcMQbK97+/5u2tiwGo="
        }
      }
    },
    "koa-cors": {
      "version": "0.0.16",
      "resolved": "http://registry.npm.taobao.org/koa-cors/download/koa-cors-0.0.16.tgz",
      "integrity": "sha1-mBB5k6eQnjTAQphsXsYVbXfzQy4="
    },
    "koa-json": {
      "version": "1.1.3",
      "resolved": "http://registry.npm.taobao.org/koa-json/download/koa-json-1.1.3.tgz",
      "integrity": "sha1-WeM2P0IfYe9YatcspJ/OmoVITSY="
    },
    "koa-logger": {
      "version": "1.3.1",
      "resolved": "http://registry.npm.taobao.org/koa-logger/download/koa-logger-1.3.1.tgz",
      "integrity": "sha1-rT9fIZOzM0Mo8+uZphj0sEvui9U=",
      "dependencies": {
        "bytes": {
          "version": "1.0.0",
          "resolved": "http://registry.npm.taobao.org/bytes/download/bytes-1.0.0.tgz",
          "integrity": "sha1-NWnt6Lo0MV+rmcPpLLBMciDeH6g="
        }
      }
    },
    "koa-lusca": {
      "version": "2.2.0",
      "resolved": "http://registry.npm.taobao.org/koa-lusca/download/koa-lusca-2.2.0.tgz",
      "integrity": "sha1-brltMBJFjGl0R/aIIAl2v0m7m/w=",
      "dependencies": {
        "koa-compose": {
          "version": "2.3.0",
          "resolved": "http://registry.npm.taobao.org/koa-compose/download/koa-compose-2.3.0.tgz",
          "integrity": "sha1-Rhf6gyoWQSpWlnM0ME79eX1u01w="
        }
      }
    },
    "koa-passport": {
      "version": "1.4.0",
      "resolved": "http://registry.npm.taobao.org/koa-passport/download/koa-passport-1.4.0.tgz",
      "integrity": "sha1-e0MuTuEIhswUNWwNrhLfBq+PMe0="
    },
    "koa-request": {
      "version": "1.0.0",
      "resolved": "http://registry.npm.taobao.org/koa-request/download/koa-request-1.0.0.tgz",
      "integrity": "sha1-GTQzUkedLLll16/wqAKxoG1AjhY="
    },
    "koa-router": {
      "version": "5.4.2",
      "resolved": "http://registry.npm.taobao.org/koa-router/download/koa-router-5.4.2.tgz",
      "integrity": "sha1-Tb26fnFZU9VobAO3w/29IUYx+HA="
    },
    "koa-router-multer": {
      "version": "1.3.0",
      "resolved": "http://registry.npm.taobao.org/koa-router-multer/download/koa-router-multer-1.3.0.tgz",
      "integrity": "sha1-vuyU8fdB7cubRAKb0upzS165USw="
    },
    "koa-serve": {
      "version": "0.1.7",
      "resolved": "http://registry.npm.taobao.org/koa-serve/download/koa-serve-0.1.7.tgz",
      "integrity": "sha1-9EMqt2mlJDDWCZLLk5iwQLlDROE=",
      "dependencies": {
        "lodash": {
          "version": "3.10.1",
          "resolved": "http://registry.npm.taobao.org/lodash/download/lodash-3.10.1.tgz",
          "integrity": "sha1-W/Rejkm6QYnhfUgnid/RW9FAt7Y="
        }
      }
    },
    "koa-session": {
      "version": "3.4.0",
      "resolved": "http://registry.npm.taobao.org/koa-session/download/koa-session-3.4.0.tgz",
      "integrity": "sha1-zicCkaT8+6/hmau2TM2YMOjHh78="
    },
    "koa-static": {
      "version": "2.1.0",
      "resolved": "http://registry.npm.taobao.org/koa-static/download/koa-static-2.1.0.tgz",
      "integrity": "sha1-z+KS6n2ryWqnI+SkiGFcxlrnQWk=",
      "dependencies": {
        "koa-send": {
          "version": "3.3.0",
          "resolved": "http://registry.npm.taobao.org/koa-send/download/koa-send-3.3.0.tgz",
          "integrity": "sha1-WkriRVZGgMbs9geeknX6UXOoYdw="
        },
        "mz": {
          "version": "2.7.0",
          "resolved": "http://registry.npm.taobao.org/mz/download/mz-2.7.0.tgz",
          "integrity": "sha1-lQCAV6Vsr63CvGPd5/n/aVWUjjI="
        }
      }
    },
    "lodash": {
      "version": "4.17.4",
      "resolved": "http://registry.npm.taobao.org/lodash/download/lodash-4.17.4.tgz",
      "integrity": "sha1-eCA6TRwyiuHYbcpkYONptX9AVa4="
    },
    "md5": {
      "version": "2.2.1",
      "resolved": "http://registry.npm.taobao.org/md5/download/md5-2.2.1.tgz",
      "integrity": "sha1-U6s41f48iJG6RlMp6iP6wFQBJvk="
    },
    "mkdirp": {
      "version": "0.5.1",
      "resolved": "http://registry.npm.taobao.org/mkdirp/download/mkdirp-0.5.1.tgz",
      "integrity": "sha1-MAV0OOrGz3+MR2fzhkjWaX11yQM="
    },
    "moment": {
      "version": "2.29.2",
      "resolved": "https://registry.npmjs.org/moment/-/moment-2.29.2.tgz",
      "integrity": "sha512-UgzG4rvxYpN15jgCmVJwac49h9ly9NurikMWGPdVxm8GZD6XjkKPxDTjQQ43gtGgnV3X0cAyWDdP2Wexoquifg=="
    },
    "mongoose": {
      "version": "4.12.4",
      "resolved": "http://registry.npm.taobao.org/mongoose/download/mongoose-4.12.4.tgz",
      "integrity": "sha1-UCosA3N2psY1bu6JEo51ZTYSEnw="
    },
    "needle": {
      "version": "1.6.0",
      "resolved": "http://registry.npm.taobao.org/needle/download/needle-1.6.0.tgz",
      "integrity": "sha1-9SpYWJchIWGOAC+OY4TK2sItYk8="
    },
    "node-schedule": {
      "version": "1.2.5",
      "resolved": "http://registry.npm.taobao.org/node-schedule/download/node-schedule-1.2.5.tgz",
      "integrity": "sha1-+zD05NHdHoHFNvlJXV2g6eLX3hQ="
    },
    "node-xlsx": {
      "version": "0.7.4",
      "resolved": "http://registry.npm.taobao.org/node-xlsx/download/node-xlsx-0.7.4.tgz",
      "integrity": "sha1-HDMY5DtsfKTQG625+I8nejHoqAU="
    },
    "object-assign": {
      "version": "4.1.1",
      "resolved": "http://registry.npm.taobao.org/object-assign/download/object-assign-4.1.1.tgz",
      "integrity": "sha1-IQmtx5ZYh8/AXLvUQsrIv7s2CGM="
    },
    "passport-wechat": {
      "version": "2.0.4",
      "resolved": "http://registry.npm.taobao.org/passport-wechat/download/passport-wechat-2.0.4.tgz",
      "integrity": "sha1-m2WL2bBOU0iJhSFlln4sm+EM+lY=",
      "dependencies": {
        "debug": {
          "version": "3.1.0",
          "resolved": "http://registry.npm.taobao.org/debug/download/debug-3.1.0.tgz",
          "integrity": "sha1-W7WgZyYotkFJVmuhaBnmFRjGcmE="
        }
      }
    },
    "passport-weixin": {
      "version": "0.1.0",
      "resolved": "http://registry.npm.taobao.org/passport-weixin/download/passport-weixin-0.1.0.tgz",
      "integrity": "sha1-6+uS3xu/3yRVEenGiaSJ85pf6rw="
    },
    "platform": {
      "version": "1.3.4",
      "resolved": "http://registry.npm.taobao.org/platform/download/platform-1.3.4.tgz",
      "integrity": "sha1-bw+xftqqSPIUQrOpdcBjEw8cPr0="
    },
    "query-mobile-phone-area": {
      "version": "1.0.6",
      "resolved": "http://registry.npm.taobao.org/query-mobile-phone-area/download/query-mobile-phone-area-1.0.6.tgz",
      "integrity": "sha1-01BZav1kBj5yBhGxjLHl0HAZIt0="
    },
    "querystring": {
      "version": "0.2.0",
      "resolved": "http://registry.npm.taobao.org/querystring/download/querystring-0.2.0.tgz",
      "integrity": "sha1-sgmEkgO7Jd+CDadW50cAWHhSFiA="
    },
    "randomstring": {
      "version": "1.1.5",
      "resolved": "http://registry.npm.taobao.org/randomstring/download/randomstring-1.1.5.tgz",
      "integrity": "sha1-bfBij3XL1ZMpMNn+OrTpVqGFGMM="
    },
    "request": {
      "version": "2.83.0",
      "resolved": "http://registry.npm.taobao.org/request/download/request-2.83.0.tgz",
      "integrity": "sha1-ygtl2gLtYpNYh4COb1EDgQNOM1Y=",
      "dependencies": {
        "extend": {
          "version": "3.0.1",
          "resolved": "http://registry.npm.taobao.org/extend/download/extend-3.0.1.tgz",
          "integrity": "sha1-p1Xqe8Gt/MWjHOfnYtuq3F5jZEQ="
        }
      }
    },
    "request-promise": {
      "version": "4.2.2",
      "resolved": "http://registry.npm.taobao.org/request-promise/download/request-promise-4.2.2.tgz",
      "integrity": "sha1-0epG1lSm7k+O5qT+oQGMIpEZBLQ="
    },
    "speakeasy": {
      "version": "2.0.0",
      "resolved": "http://registry.npm.taobao.org/speakeasy/download/speakeasy-2.0.0.tgz",
      "integrity": "sha1-hckaBxsJpcuGQlkNmDVmFl9XYTo="
    },
    "uuid": {
      "version": "3.1.0",
      "resolved": "http://registry.npm.taobao.org/uuid/download/uuid-3.1.0.tgz",
      "integrity": "sha1-PdPT55Crwk17DToDT/q6vijrvAQ="
    },
    "xml2js": {
      "version": "0.4.19",
      "resolved": "http://registry.npm.taobao.org/xml2js/download/xml2js-0.4.19.tgz",
      "integrity": "sha1-aGwg8hMgnpSr8NG88e+qKRx4J6c=",
      "dependencies": {
        "xmlbuilder": {
          "version": "9.0.4",
          "resolved": "http://registry.npm.taobao.org/xmlbuilder/download/xmlbuilder-9.0.4.tgz",
          "integrity": "sha1-UZy0ymhtAFqEINNJbz8MruzKWA8="
        }
      }
    },
    "xss": {
      "version": "0.2.18",
      "resolved": "http://registry.npm.taobao.org/xss/download/xss-0.2.18.tgz",
      "integrity": "sha1-bfX7XKKL3FHnhiT/Y/GeE+vXO6s="
    }
  }
}
